schema: '2.0'
stages:
  transport:
    cmd: PYTHONPATH=. python pipelines/transport/transport.py
    deps:
    - path: pipelines/transport/transport.py
      hash: md5
      md5: 5b85a49a3f189f25928329ab397d0556
      size: 2797
    - path: pipelines/util.py
      hash: md5
      md5: 0aa94a654502204f6d878e2fa0831afd
      size: 650
    outs:
    - path: src/_data/sources/transport/ev_charging_points.csv
      hash: md5
      md5: 51018d72a1cb6fe09e4de6bb23ac869e
      size: 9787
      isexec: true
