schema: '2.0'
stages:
  transport:
    cmd: PYTHONPATH=. python pipelines/transport/transport.py
    deps:
    - path: pipelines/transport/transport.py
      hash: md5
      md5: 410204cce8e7680c4d8bd99df39f2dc2
      size: 4103
    - path: pipelines/util.py
      hash: md5
      md5: 48d28252bb6ca8ba2451792cb1a5709a
      size: 653
    outs:
    - path: src/_data/sources/transport/ev_charging_points.csv
      hash: md5
      md5: 0e80baede10fb8e516a046930d830b04
      size: 15357
