schema: '2.0'
stages:
  transport:
    cmd: PYTHONPATH=. python pipelines/transport/transport.py
    deps:
    - path: pipelines/transport/transport.py
      hash: md5
      md5: 00c427358dbb59cda53e7a03e80183a0
      size: 2842
    - path: pipelines/util.py
      hash: md5
      md5: 0aa94a654502204f6d878e2fa0831afd
      size: 650
    outs:
    - path: src/_data/sources/transport/ev_charging_points.csv
      hash: md5
      md5: cfee064ef49932bbc24dfa75e9fefdf6
      size: 28204
      isexec: true
