schema: '2.0'
stages:
  economy:
    cmd: PYTHONPATH=. python pipelines/environment/environment.py
    deps:
    - path: pipelines/environment/environment.py
      hash: md5
      md5: ab119bb8fead438f5b958e36adab5887
      size: 5204
    - path: pipelines/util.py
      hash: md5
      md5: a655311e5871c40920fcaee80fc5fc53
      size: 588
    - path: raw-data/EDM 2022 Storm Overflow Annual Return - all water and sewerage
        companies.xlsx
      hash: md5
      md5: 9fd0b3ebb44686df00e1510468be9434
      size: 2179272
    - path: raw-data/spills-by-constituency.json
      hash: md5
      md5: 8684dd65bd630cdcf3a4e65c41b6c590
      size: 229328
    - path: src/_data/geojson/constituencies-2022.geojson
      hash: md5
      md5: 715a5f3e6a3f43c54fd0a527c7b03fff
      size: 7462400
    outs:
    - path: src/_data/sources/environment/spills_by_constituency.csv
      hash: md5
      md5: 15c19b34ee6c9144627bb5e4e247a2aa
      size: 100103
      isexec: true
    - path: src/_data/sources/environment/storm_overflows_by_constituency.csv
      hash: md5
      md5: 43ee74603815d1939ad5167be7037b12
      size: 396979
      isexec: true
    - path: src/_data/sources/environment/storm_overflows_spill_count.csv
      hash: md5
      md5: b28a9da1e588aa6be80aa42ce83f60b3
      size: 3226
      isexec: true
    - path: src/_data/sources/environment/storm_overflows_total_duration.csv
      hash: md5
      md5: dc4503e9858b78078d5ca8923a8e9507
      size: 3362
      isexec: true
