schema: '2.0'
stages:
  economy:
    cmd: PYTHONPATH=. python pipelines/environment/environment.py
    deps:
    - path: pipelines/environment/environment.py
      hash: md5
      md5: ee6f31ea3ce65d7b89efec042915dc1f
      size: 5498
    - path: pipelines/util.py
      hash: md5
      md5: a655311e5871c40920fcaee80fc5fc53
      size: 588
    - path: raw-data/EDM 2022 Storm Overflow Annual Return - all water and sewerage
        companies.xlsx
      hash: md5
      md5: 9fd0b3ebb44686df00e1510468be9434
      size: 2179272
    - path: raw-data/spills-by-constituency.json
      hash: md5
      md5: 8684dd65bd630cdcf3a4e65c41b6c590
      size: 229328
    - path: src/_data/geojson/constituencies-2022.geojson
      hash: md5
      md5: 715a5f3e6a3f43c54fd0a527c7b03fff
      size: 7462400
    outs:
    - path: src/_data/sources/environment/spills_by_constituency.csv
      hash: md5
      md5: 15c19b34ee6c9144627bb5e4e247a2aa
      size: 100103
      isexec: true
    - path: src/_data/sources/environment/storm_overflows.csv
      hash: md5
      md5: be2d964c9595da21a76a223cd4c2d048
      size: 25214
      isexec: true
  storm-overflows:
    cmd: PYTHONPATH=../.. python storm-overflows.py
    deps:
    - path: ../../raw-data/EDM_2022_Storm_Overflow_Annual_Return/EDM 2022 Storm Overflow
        Annual Return - all water and sewerage companies.xlsx
      hash: md5
      md5: ee2acbd709d5d094955dc74f4307c291
      size: 2324810
    - path: ../../raw-data/EDM_2023_Storm_Overflow_Annual_Return/EDM 2023 Storm Overflow
        Annual Return - all water and sewerage companies.xlsx
      hash: md5
      md5: 912120d1e2a0df1f515aa208cae9ceb9
      size: 2456178
    - path: ../../raw-data/spills-by-constituency.json
      hash: md5
      md5: 8684dd65bd630cdcf3a4e65c41b6c590
      size: 229328
    - path: ../../src/_data/geojson/constituencies-2024.geojson
      hash: md5
      md5: 3d9f501977a3bd70dc860acdc0cf9ff7
      size: 2462727
    - path: ../util.py
      hash: md5
      md5: f3e966c3793136650d3b61c6fbb96e5f
      size: 664
    - path: storm-overflows.py
      hash: md5
      md5: ea29901d1e8fb5619493cb0fd7936be3
      size: 8218
    outs:
    - path: ../../src/themes/environment/storm-overflows/_data/storm_overflows.csv
      hash: md5
      md5: b0472763c761409f0c14e307bf53681d
      size: 30261
      isexec: true
  get-storm-overflows:
    cmd:
    - wget -q -O ../../raw-data/EDM_2022_Storm_Overflow_Annual_Return.zip 
      "https://environment.data.gov.uk/api/file/download?fileDataSetId=c55e170e-3c75-49a5-8026-a961ff94c8e0&fileName=EDM_2022_Storm_Overflow_Annual_Return.zip"
    - wget -q -O ../../raw-data/EDM_2023_Storm_Overflow_Annual_Return.zip 
      "https://environment.data.gov.uk/api/file/download?fileDataSetId=c55e170e-3c75-49a5-8026-a961ff94c8e0&fileName=EDM_2023_Storm_Overflow_Annual_Return.zip"
    outs:
    - path: ../../raw-data/EDM_2022_Storm_Overflow_Annual_Return.zip
      hash: md5
      md5: bad66d7251a2509333f526099960b45f
      size: 2706281
      isexec: true
    - path: ../../raw-data/EDM_2023_Storm_Overflow_Annual_Return.zip
      hash: md5
      md5: d341e93f7de5ec0e9537b2681b95686b
      size: 2859496
      isexec: true
  unzip-storm-overflows:
    cmd:
    - unzip -o ../../raw-data/EDM_2022_Storm_Overflow_Annual_Return.zip "EDM_2022_Storm_Overflow_Annual_Return/EDM
      2022 Storm Overflow Annual Return - all water and sewerage companies.xlsx" -d
      ../../raw-data/
    - unzip -o ../../raw-data/EDM_2023_Storm_Overflow_Annual_Return.zip "EDM_2023_Storm_Overflow_Annual_Return/EDM
      2023 Storm Overflow Annual Return - all water and sewerage companies.xlsx" -d
      ../../raw-data/
    deps:
    - path: ../../raw-data/EDM_2022_Storm_Overflow_Annual_Return.zip
      hash: md5
      md5: bad66d7251a2509333f526099960b45f
      size: 2706281
    - path: ../../raw-data/EDM_2023_Storm_Overflow_Annual_Return.zip
      hash: md5
      md5: d341e93f7de5ec0e9537b2681b95686b
      size: 2859496
    outs:
    - path: ../../raw-data/EDM_2022_Storm_Overflow_Annual_Return/EDM 2022 Storm Overflow
        Annual Return - all water and sewerage companies.xlsx
      hash: md5
      md5: ee2acbd709d5d094955dc74f4307c291
      size: 2324810
      isexec: true
    - path: ../../raw-data/EDM_2023_Storm_Overflow_Annual_Return/EDM 2023 Storm Overflow
        Annual Return - all water and sewerage companies.xlsx
      hash: md5
      md5: 912120d1e2a0df1f515aa208cae9ceb9
      size: 2456178
      isexec: true
