schema: '2.0'
stages:
  foodbanks:
    cmd: perl foodbanks.pl
    deps:
    - path: ../../raw-data/society/foodbanks.json
      hash: md5
      md5: 4e305ee5fd77823c5fc9706a3828121b
      size: 1228908
    - path: foodbanks.pl
      hash: md5
      md5: a032219f86fd701e8075e4308541d0d4
      size: 164
    outs:
    - path: ../../src/_data/sources/society/foodbanks.csv
      hash: md5
      md5: 1d732b0ab3ffb47db32977efba7a0077
      size: 28
  get-foodbanks:
    cmd: wget --no-check-certificate -O ../../raw-data/society/foodbanks.json "https://www.givefood.org.uk/api/2/foodbanks/"
    outs:
    - path: ../../raw-data/society/foodbanks.json
      hash: md5
      md5: 4e305ee5fd77823c5fc9706a3828121b
      size: 1228908
