schema: '2.0'
stages:
  foodbanks:
    cmd: perl foodbanks.pl
    deps:
    - path: ../../raw-data/society/foodbanks.json
      hash: md5
      md5: 1865b20159ff0ed8a755f7901e2fd399
      size: 1228908
    - path: foodbanks.pl
      hash: md5
      md5: ecddb32c58209ff7ff0dfb2e01c9e515
      size: 171
    outs:
    - path: ../../src/_data/sources/society/foodbanks.csv
      hash: md5
      md5: 1d732b0ab3ffb47db32977efba7a0077
      size: 28
      isexec: true
  get-foodbanks:
    cmd: wget --no-check-certificate -O ../../raw-data/society/foodbanks.json "https://www.givefood.org.uk/api/2/foodbanks/"
    outs:
    - path: ../../raw-data/society/foodbanks.json
      hash: md5
      md5: 1865b20159ff0ed8a755f7901e2fd399
      size: 1228908
      isexec: true
