schema: '2.0'
stages:
  transform:
    cmd: PYTHONPATH=. python pipelines/transform.py
    deps:
    - path: pipelines/transform.py
      hash: md5
      md5: 3489ba7b0b5016117a978a8286a25551
      size: 1373
    - path: raw-data/house-prices.xlsx
      hash: md5
      md5: a676375d47f5adec5ea65fd007e38a77
      size: 9084108
    - path: raw-data/spills-by-constituency.json
      hash: md5
      md5: 8684dd65bd630cdcf3a4e65c41b6c590
      size: 229328
    - path: raw-data/unemployment.xlsx
      hash: md5
      md5: cd8caa9526f6e77a999453d322fa099d
      size: 14608696
    outs:
    - path: src/_data/sources/economy/house_price_wage_ratio.csv
      hash: md5
      md5: 439d3258def8cf2b1d3ca7b99456bc15
      size: 249458
      isexec: true
    - path: src/_data/sources/economy/house_prices.csv
      hash: md5
      md5: feaca466711ddc82c9d804c39392481a
      size: 580174
      isexec: true
    - path: src/_data/sources/economy/unemployment_rate.csv
      hash: md5
      md5: d607f1affaf2bdc0a7f5f0efc36c6797
      size: 2134107
      isexec: true
    - path: src/_data/sources/economy/wages.csv
      hash: md5
      md5: 15bf2b410408b36e6bcce4fd563fdcb2
      size: 190056
      isexec: true
    - path: src/_data/sources/environment/spills_by_constituency.csv
      hash: md5
      md5: 15c19b34ee6c9144627bb5e4e247a2aa
      size: 100103
      isexec: true
  covid:
    cmd: PYTHONPATH=. python pipelines/covid.py
    deps:
    - path: pipelines/covid.py
      hash: md5
      md5: a26965a6c4719cb725ba519b1d4ac99e
      size: 508
    - path: raw-data/covid-grants-april-2022.xlsx
      hash: md5
      md5: 7bf865766527e3393bef14addd90367f
      size: 105115
    outs:
    - path: src/_data/sources/economy/covid_grants_arg.csv
      hash: md5
      md5: 36c933dad8d4e353c083f31f9b9cf394
      size: 31408
      isexec: true
    - path: src/_data/sources/economy/covid_grants_ohlg.csv
      hash: md5
      md5: d9ec98f7c59fe2c42947ad34cc232bd2
      size: 30826
      isexec: true
